// !$*UTF8*$!
{
	archiveVersion = 1;
	classes = {};
	objectVersion = 56;
	objects = {

/* Begin PBXBuildFile section */
		7A2F172BF6D34EC5AA24D966 /* CompassView.swift in Sources */ = {isa = PBXBuildFile; fileRef = 9ADE05139F1A4FB8A0804E85 /* CompassView.swift */; };
		F97B54F12DDD4FBEBE986540 /* CoverViewController.swift in Sources */ = {isa = PBXBuildFile; fileRef = 0AA3DC7C280E4B2198912891 /* CoverViewController.swift */; };
		7C9A89E68BFA41A1B8CD11B6 /* DemoMode.swift in Sources */ = {isa = PBXBuildFile; fileRef = FB5DD82DC93F402C9D7AEB0A /* DemoMode.swift */; };
		97ED793507924FEEBF085CAA /* LocationService.swift in Sources */ = {isa = PBXBuildFile; fileRef = 98FC9B473E884190A72FD532 /* LocationService.swift */; };
		5FD513F18BC041E7B15A1B44 /* MapViewController.swift in Sources */ = {isa = PBXBuildFile; fileRef = 2B518A3A2F8246B188E6C9F2 /* MapViewController.swift */; };
		7804DD314DE94D96841B60D3 /* PickViewController.swift in Sources */ = {isa = PBXBuildFile; fileRef = E318D2F2690C4BEABEF8B6E0 /* PickViewController.swift */; };
		B1781FAA72D245D784AE2186 /* RootViewController.swift in Sources */ = {isa = PBXBuildFile; fileRef = A50A435674314107A3E812A5 /* RootViewController.swift */; };
		D8703FCA98CC402ABA455CF1 /* SheetView.swift in Sources */ = {isa = PBXBuildFile; fileRef = 8D5E4F9929CD49588FA51AE8 /* SheetView.swift */; };
		9725DEBCEBDF43D0B7BB3B79 /* SozoroApp.swift in Sources */ = {isa = PBXBuildFile; fileRef = 03392AB38C8E4B80807D8AA2 /* SozoroApp.swift */; };
		33AF212879224F408414D2F7 /* Theme.swift in Sources */ = {isa = PBXBuildFile; fileRef = A0965F4AE442421C93DDBA87 /* Theme.swift */; };
		F93CC02F9B91413FB050A89E /* WalkStore.swift in Sources */ = {isa = PBXBuildFile; fileRef = 25305AD1EC2A48C885BDC4C6 /* WalkStore.swift */; };
		BB79A8F071364746AB33A266 /* Assets.xcassets in Resources */ = {isa = PBXBuildFile; fileRef = DCC6693A268540CEAED0DA08 /* Assets.xcassets */; };
		DE439B728CC04EF3AC69633C /* SozoroCore in Frameworks */ = {isa = PBXBuildFile; productRef = B387CF39B32240C38C3CF5E3 /* SozoroCore */; };
/* End PBXBuildFile section */

/* Begin PBXFileReference section */
		9ADE05139F1A4FB8A0804E85 /* CompassView.swift */ = {isa = PBXFileReference; lastKnownFileType = sourcecode.swift; path = "CompassView.swift"; sourceTree = "<group>"; };
		0AA3DC7C280E4B2198912891 /* CoverViewController.swift */ = {isa = PBXFileReference; lastKnownFileType = sourcecode.swift; path = "CoverViewController.swift"; sourceTree = "<group>"; };
		FB5DD82DC93F402C9D7AEB0A /* DemoMode.swift */ = {isa = PBXFileReference; lastKnownFileType = sourcecode.swift; path = "DemoMode.swift"; sourceTree = "<group>"; };
		98FC9B473E884190A72FD532 /* LocationService.swift */ = {isa = PBXFileReference; lastKnownFileType = sourcecode.swift; path = "LocationService.swift"; sourceTree = "<group>"; };
		2B518A3A2F8246B188E6C9F2 /* MapViewController.swift */ = {isa = PBXFileReference; lastKnownFileType = sourcecode.swift; path = "MapViewController.swift"; sourceTree = "<group>"; };
		E318D2F2690C4BEABEF8B6E0 /* PickViewController.swift */ = {isa = PBXFileReference; lastKnownFileType = sourcecode.swift; path = "PickViewController.swift"; sourceTree = "<group>"; };
		A50A435674314107A3E812A5 /* RootViewController.swift */ = {isa = PBXFileReference; lastKnownFileType = sourcecode.swift; path = "RootViewController.swift"; sourceTree = "<group>"; };
		8D5E4F9929CD49588FA51AE8 /* SheetView.swift */ = {isa = PBXFileReference; lastKnownFileType = sourcecode.swift; path = "SheetView.swift"; sourceTree = "<group>"; };
		03392AB38C8E4B80807D8AA2 /* SozoroApp.swift */ = {isa = PBXFileReference; lastKnownFileType = sourcecode.swift; path = "SozoroApp.swift"; sourceTree = "<group>"; };
		A0965F4AE442421C93DDBA87 /* Theme.swift */ = {isa = PBXFileReference; lastKnownFileType = sourcecode.swift; path = "Theme.swift"; sourceTree = "<group>"; };
		25305AD1EC2A48C885BDC4C6 /* WalkStore.swift */ = {isa = PBXFileReference; lastKnownFileType = sourcecode.swift; path = "WalkStore.swift"; sourceTree = "<group>"; };
		DCC6693A268540CEAED0DA08 /* Assets.xcassets */ = {isa = PBXFileReference; lastKnownFileType = folder.assetcatalog; path = Assets.xcassets; sourceTree = "<group>"; };
		8841D9A9959B47AAA32051D7 /* Sozoro.app */ = {isa = PBXFileReference; explicitFileType = wrapper.application; includeInIndex = 0; path = Sozoro.app; sourceTree = BUILT_PRODUCTS_DIR; };
/* End PBXFileReference section */

/* Begin PBXFrameworksBuildPhase section */
		63436CA654B44687B0A290B7 = {
			isa = PBXFrameworksBuildPhase; buildActionMask = 2147483647;
			files = ( DE439B728CC04EF3AC69633C /* SozoroCore in Frameworks */, );
			runOnlyForDeploymentPostprocessing = 0;
		};
/* End PBXFrameworksBuildPhase section */

/* Begin PBXGroup section */
		A200B5D3921E4EAEA6401DA5 = {
			isa = PBXGroup;
			children = ( CBEA2F05CF0C4266BC6259AF /* Sozoro */, 1707FC4F70DD4B2BAD5D29DF /* Products */, );
			sourceTree = "<group>";
		};
		CBEA2F05CF0C4266BC6259AF /* Sozoro */ = {
			isa = PBXGroup;
			children = (
				9ADE05139F1A4FB8A0804E85 /* CompassView.swift */,
				0AA3DC7C280E4B2198912891 /* CoverViewController.swift */,
				FB5DD82DC93F402C9D7AEB0A /* DemoMode.swift */,
				98FC9B473E884190A72FD532 /* LocationService.swift */,
				2B518A3A2F8246B188E6C9F2 /* MapViewController.swift */,
				E318D2F2690C4BEABEF8B6E0 /* PickViewController.swift */,
				A50A435674314107A3E812A5 /* RootViewController.swift */,
				8D5E4F9929CD49588FA51AE8 /* SheetView.swift */,
				03392AB38C8E4B80807D8AA2 /* SozoroApp.swift */,
				A0965F4AE442421C93DDBA87 /* Theme.swift */,
				25305AD1EC2A48C885BDC4C6 /* WalkStore.swift */,
				DCC6693A268540CEAED0DA08 /* Assets.xcassets */,
			);
			path = Sozoro; sourceTree = "<group>";
		};
		1707FC4F70DD4B2BAD5D29DF /* Products */ = {
			isa = PBXGroup;
			children = ( 8841D9A9959B47AAA32051D7 /* Sozoro.app */, );
			name = Products; sourceTree = "<group>";
		};
/* End PBXGroup section */

/* Begin PBXNativeTarget section */
		FB182D90C989452197399DB9 /* Sozoro */ = {
			isa = PBXNativeTarget;
			buildConfigurationList = F65CED379C9B4790898F62D5;
			buildPhases = ( E04CE9F67E2C41788E6BFC0E, 63436CA654B44687B0A290B7, 1AAA8F390CBF4A5D9691EB76, );
			buildRules = (); dependencies = (); name = Sozoro;
			packageProductDependencies = ( B387CF39B32240C38C3CF5E3 /* SozoroCore */, );
			productName = Sozoro; productReference = 8841D9A9959B47AAA32051D7 /* Sozoro.app */;
			productType = "com.apple.product-type.application";
		};
/* End PBXNativeTarget section */

/* Begin PBXProject section */
		412538F6D7C94A9FAB0FE3A3 /* Project object */ = {
			isa = PBXProject;
			attributes = { BuildIndependentTargetsInParallel = 1; LastUpgradeCheck = 1600;
				TargetAttributes = { FB182D90C989452197399DB9 = { CreatedOnToolsVersion = 16.0; }; }; };
			buildConfigurationList = 3E6969CFAAB34C7D99A421FB;
			compatibilityVersion = "Xcode 14.0"; developmentRegion = en;
			hasScannedForEncodings = 0; knownRegions = ( en, Base, ja );
			mainGroup = A200B5D3921E4EAEA6401DA5;
			packageReferences = ( D77A6CCD7D994863A4260230 /* XCLocalSwiftPackageReference ".." */, );
			productRefGroup = 1707FC4F70DD4B2BAD5D29DF /* Products */;
			projectDirPath = ""; projectRoot = "";
			targets = ( FB182D90C989452197399DB9 /* Sozoro */, );
		};
/* End PBXProject section */

/* Begin PBXResourcesBuildPhase section */
		1AAA8F390CBF4A5D9691EB76 = {
			isa = PBXResourcesBuildPhase; buildActionMask = 2147483647;
			files = ( BB79A8F071364746AB33A266 /* Assets.xcassets in Resources */, );
			runOnlyForDeploymentPostprocessing = 0;
		};
/* End PBXResourcesBuildPhase section */

/* Begin PBXSourcesBuildPhase section */
		E04CE9F67E2C41788E6BFC0E = {
			isa = PBXSourcesBuildPhase; buildActionMask = 2147483647;
			files = (
				7A2F172BF6D34EC5AA24D966 /* CompassView.swift in Sources */,
				F97B54F12DDD4FBEBE986540 /* CoverViewController.swift in Sources */,
				7C9A89E68BFA41A1B8CD11B6 /* DemoMode.swift in Sources */,
				97ED793507924FEEBF085CAA /* LocationService.swift in Sources */,
				5FD513F18BC041E7B15A1B44 /* MapViewController.swift in Sources */,
				7804DD314DE94D96841B60D3 /* PickViewController.swift in Sources */,
				B1781FAA72D245D784AE2186 /* RootViewController.swift in Sources */,
				D8703FCA98CC402ABA455CF1 /* SheetView.swift in Sources */,
				9725DEBCEBDF43D0B7BB3B79 /* SozoroApp.swift in Sources */,
				33AF212879224F408414D2F7 /* Theme.swift in Sources */,
				F93CC02F9B91413FB050A89E /* WalkStore.swift in Sources */,
			);
			runOnlyForDeploymentPostprocessing = 0;
		};
/* End PBXSourcesBuildPhase section */

/* Begin XCBuildConfiguration section */
		CD3DBFBA485C4E5E9A46DBDB /* Debug */ = {
			isa = XCBuildConfiguration;
			buildSettings = {
				ALWAYS_SEARCH_USER_PATHS = NO; CLANG_ENABLE_MODULES = YES;
				ENABLE_STRICT_OBJC_MSGSEND = YES; GCC_NO_COMMON_BLOCKS = YES;
				IPHONEOS_DEPLOYMENT_TARGET = 17.0; ONLY_ACTIVE_ARCH = YES; SDKROOT = iphoneos;
				SWIFT_ACTIVE_COMPILATION_CONDITIONS = "DEBUG $(inherited)";
				SWIFT_OPTIMIZATION_LEVEL = "-Onone"; SWIFT_VERSION = 5.0;
				DEBUG_INFORMATION_FORMAT = dwarf; ENABLE_TESTABILITY = YES; GCC_OPTIMIZATION_LEVEL = 0;
			};
			name = Debug;
		};
		3D586FF8193C49C8AFB361DE /* Release */ = {
			isa = XCBuildConfiguration;
			buildSettings = {
				ALWAYS_SEARCH_USER_PATHS = NO; CLANG_ENABLE_MODULES = YES;
				ENABLE_STRICT_OBJC_MSGSEND = YES; GCC_NO_COMMON_BLOCKS = YES;
				IPHONEOS_DEPLOYMENT_TARGET = 17.0; SDKROOT = iphoneos;
				SWIFT_COMPILATION_MODE = wholemodule; SWIFT_VERSION = 5.0;
				VALIDATE_PRODUCT = YES; DEBUG_INFORMATION_FORMAT = "dwarf-with-dsym";
			};
			name = Release;
		};
		B38001A5CE1249EFAF481FC1 /* Debug */ = {
			isa = XCBuildConfiguration;
			buildSettings = {
				ASSETCATALOG_COMPILER_APPICON_NAME = AppIcon;
				CODE_SIGN_STYLE = Automatic;
				CURRENT_PROJECT_VERSION = 1;
				GENERATE_INFOPLIST_FILE = YES;
				INFOPLIST_KEY_NSLocationWhenInUseUsageDescription = "Sozoro needs your position to work out where to send you, and how far you still have to walk.";
				INFOPLIST_KEY_UILaunchScreen_Generation = YES;
				INFOPLIST_KEY_UISupportedInterfaceOrientations = UIInterfaceOrientationPortrait;
				INFOPLIST_KEY_CFBundleDisplayName = Sozoro;
				INFOPLIST_KEY_UIApplicationSceneManifest_Generation = NO;
				LD_RUNPATH_SEARCH_PATHS = ( "$(inherited)", "@executable_path/Frameworks" );
				MARKETING_VERSION = 0.1;
				PRODUCT_BUNDLE_IDENTIFIER = "dev.sozoro.app";
				PRODUCT_NAME = "$(TARGET_NAME)";
				SWIFT_EMIT_LOC_STRINGS = YES;
				SWIFT_VERSION = 5.0;
				TARGETED_DEVICE_FAMILY = 1;
			};
			name = Debug;
		};
		C8422E6016FA4F4BAC6A6EE3 /* Release */ = {
			isa = XCBuildConfiguration;
			buildSettings = {
				ASSETCATALOG_COMPILER_APPICON_NAME = AppIcon;
				CODE_SIGN_STYLE = Automatic;
				CURRENT_PROJECT_VERSION = 1;
				GENERATE_INFOPLIST_FILE = YES;
				INFOPLIST_KEY_NSLocationWhenInUseUsageDescription = "Sozoro needs your position to work out where to send you, and how far you still have to walk.";
				INFOPLIST_KEY_UILaunchScreen_Generation = YES;
				INFOPLIST_KEY_UISupportedInterfaceOrientations = UIInterfaceOrientationPortrait;
				INFOPLIST_KEY_CFBundleDisplayName = Sozoro;
				INFOPLIST_KEY_UIApplicationSceneManifest_Generation = NO;
				LD_RUNPATH_SEARCH_PATHS = ( "$(inherited)", "@executable_path/Frameworks" );
				MARKETING_VERSION = 0.1;
				PRODUCT_BUNDLE_IDENTIFIER = "dev.sozoro.app";
				PRODUCT_NAME = "$(TARGET_NAME)";
				SWIFT_EMIT_LOC_STRINGS = YES;
				SWIFT_VERSION = 5.0;
				TARGETED_DEVICE_FAMILY = 1;
			};
			name = Release;
		};
/* End XCBuildConfiguration section */

/* Begin XCConfigurationList section */
		3E6969CFAAB34C7D99A421FB = {
			isa = XCConfigurationList;
			buildConfigurations = ( CD3DBFBA485C4E5E9A46DBDB /* Debug */, 3D586FF8193C49C8AFB361DE /* Release */, );
			defaultConfigurationIsVisible = 0; defaultConfigurationName = Release;
		};
		F65CED379C9B4790898F62D5 = {
			isa = XCConfigurationList;
			buildConfigurations = ( B38001A5CE1249EFAF481FC1 /* Debug */, C8422E6016FA4F4BAC6A6EE3 /* Release */, );
			defaultConfigurationIsVisible = 0; defaultConfigurationName = Release;
		};
/* End XCConfigurationList section */

/* Begin XCLocalSwiftPackageReference section */
		D77A6CCD7D994863A4260230 /* XCLocalSwiftPackageReference ".." */ = {
			isa = XCLocalSwiftPackageReference; relativePath = ..;
		};
/* End XCLocalSwiftPackageReference section */

/* Begin XCSwiftPackageProductDependency section */
		B387CF39B32240C38C3CF5E3 /* SozoroCore */ = {
			isa = XCSwiftPackageProductDependency; productName = SozoroCore;
		};
/* End XCSwiftPackageProductDependency section */
	};
	rootObject = 412538F6D7C94A9FAB0FE3A3 /* Project object */;
}
